// !$*UTF8*$!
{
	archiveVersion = 1;
	classes = {
	};
	objectVersion = 50;
	objects = {

/* Begin PBXBuildFile section */
		9AAC2B4B245B659100DBFA9C /* pa1.c in Sources */ = {isa = PBXBuildFile; fileRef = 9AAC2B4A245B659100DBFA9C /* pa1.c */; };
		9AAC2B55245B667100DBFA9C /* shell_array.c in Sources */ = {isa = PBXBuildFile; fileRef = 9AAC2B52245B667100DBFA9C /* shell_array.c */; };
		9AAC2B57245B669A00DBFA9C /* shell_list.c in Sources */ = {isa = PBXBuildFile; fileRef = 9AAC2B56245B669A00DBFA9C /* shell_list.c */; };
/* End PBXBuildFile section */

/* Begin PBXCopyFilesBuildPhase section */
		9AAC2B45245B659100DBFA9C /* CopyFiles */ = {
			isa = PBXCopyFilesBuildPhase;
			buildActionMask = 2147483647;
			dstPath = /usr/share/man/man1/;
			dstSubfolderSpec = 0;
			files = (
			);
			runOnlyForDeploymentPostprocessing = 1;
		};
/* End PBXCopyFilesBuildPhase section */

/* Begin PBXFileReference section */
		9AAC2B47245B659100DBFA9C /* pa1_xcode */ = {isa = PBXFileReference; explicitFileType = "compiled.mach-o.executable"; includeInIndex = 0; path = pa1_xcode; sourceTree = BUILT_PRODUCTS_DIR; };
		9AAC2B4A245B659100DBFA9C /* pa1.c */ = {isa = PBXFileReference; lastKnownFileType = sourcecode.c.c; path = pa1.c; sourceTree = "<group>"; };
		9AAC2B51245B667100DBFA9C /* 15.b */ = {isa = PBXFileReference; lastKnownFileType = file; name = 15.b; path = ../../../15.b; sourceTree = "<group>"; };
		9AAC2B52245B667100DBFA9C /* shell_array.c */ = {isa = PBXFileReference; fileEncoding = 4; lastKnownFileType = sourcecode.c.c; name = shell_array.c; path = ../../../shell_array.c; sourceTree = "<group>"; };
		9AAC2B53245B667100DBFA9C /* shell_list.h */ = {isa = PBXFileReference; fileEncoding = 4; lastKnownFileType = sourcecode.c.h; name = shell_list.h; path = ../../../shell_list.h; sourceTree = "<group>"; };
		9AAC2B54245B667100DBFA9C /* shell_array.h */ = {isa = PBXFileReference; fileEncoding = 4; lastKnownFileType = sourcecode.c.h; name = shell_array.h; path = ../../../shell_array.h; sourceTree = "<group>"; };
		9AAC2B56245B669A00DBFA9C /* shell_list.c */ = {isa = PBXFileReference; fileEncoding = 4; lastKnownFileType = sourcecode.c.c; name = shell_list.c; path = ../../../shell_list.c; sourceTree = "<group>"; };
/* End PBXFileReference section */

/* Begin PBXFrameworksBuildPhase section */
		9AAC2B44245B659100DBFA9C /* Frameworks */ = {
			isa = PBXFrameworksBuildPhase;
			buildActionMask = 2147483647;
			files = (
			);
			runOnlyForDeploymentPostprocessing = 0;
		};
/* End PBXFrameworksBuildPhase section */

/* Begin PBXGroup section */
		9AAC2B3E245B659100DBFA9C = {
			isa = PBXGroup;
			children = (
				9AAC2B49245B659100DBFA9C /* pa1_xcode */,
				9AAC2B48245B659100DBFA9C /* Products */,
			);
			sourceTree = "<group>";
		};
		9AAC2B48245B659100DBFA9C /* Products */ = {
			isa = PBXGroup;
			children = (
				9AAC2B47245B659100DBFA9C /* pa1_xcode */,
			);
			name = Products;
			sourceTree = "<group>";
		};
		9AAC2B49245B659100DBFA9C /* pa1_xcode */ = {
			isa = PBXGroup;
			children = (
				9AAC2B4A245B659100DBFA9C /* pa1.c */,
				9AAC2B52245B667100DBFA9C /* shell_array.c */,
				9AAC2B56245B669A00DBFA9C /* shell_list.c */,
				9AAC2B54245B667100DBFA9C /* shell_array.h */,
				9AAC2B53245B667100DBFA9C /* shell_list.h */,
				9AAC2B51245B667100DBFA9C /* 15.b */,
			);
			path = pa1_xcode;
			sourceTree = "<group>";
		};
/* End PBXGroup section */

/* Begin PBXNativeTarget section */
		9AAC2B46245B659100DBFA9C /* pa1_xcode */ = {
			isa = PBXNativeTarget;
			buildConfigurationList = 9AAC2B4E245B659100DBFA9C /* Build configuration list for PBXNativeTarget "pa1_xcode" */;
			buildPhases = (
				9AAC2B43245B659100DBFA9C /* Sources */,
				9AAC2B44245B659100DBFA9C /* Frameworks */,
				9AAC2B45245B659100DBFA9C /* CopyFiles */,
			);
			buildRules = (
			);
			dependencies = (
			);
			name = pa1_xcode;
			productName = pa1_xcode;
			productReference = 9AAC2B47245B659100DBFA9C /* pa1_xcode */;
			productType = "com.apple.product-type.tool";
		};
/* End PBXNativeTarget section */

/* Begin PBXProject section */
		9AAC2B3F245B659100DBFA9C /* Project object */ = {
			isa = PBXProject;
			attributes = {
				LastUpgradeCheck = 1130;
				ORGANIZATIONNAME = "rushabh ranka";
				TargetAttributes = {
					9AAC2B46245B659100DBFA9C = {
						CreatedOnToolsVersion = 11.3.1;
					};
				};
			};
			buildConfigurationList = 9AAC2B42245B659100DBFA9C /* Build configuration list for PBXProject "pa1_xcode" */;
			compatibilityVersion = "Xcode 9.3";
			developmentRegion = en;
			hasScannedForEncodings = 0;
			knownRegions = (
				en,
				Base,
			);
			mainGroup = 9AAC2B3E245B659100DBFA9C;
			productRefGroup = 9AAC2B48245B659100DBFA9C /* Products */;
			projectDirPath = "";
			projectRoot = "";
			targets = (
				9AAC2B46245B659100DBFA9C /* pa1_xcode */,
			);
		};
/* End PBXProject section */

/* Begin PBXSourcesBuildPhase section */
		9AAC2B43245B659100DBFA9C /* Sources */ = {
			isa = PBXSourcesBuildPhase;
			buildActionMask = 2147483647;
			files = (
				9AAC2B57245B669A00DBFA9C /* shell_list.c in Sources */,
				9AAC2B55245B667100DBFA9C /* shell_array.c in Sources */,
				9AAC2B4B245B659100DBFA9C /* pa1.c in Sources */,
			);
			runOnlyForDeploymentPostprocessing = 0;
		};
/* End PBXSourcesBuildPhase section */

/* Begin XCBuildConfiguration section */
		9AAC2B4C245B659100DBFA9C /* Debug */ = {
			isa = XCBuildConfiguration;
			buildSettings = {
				ALWAYS_SEARCH_USER_PATHS = NO;
				CLANG_ANALYZER_NONNULL = YES;
				CLANG_ANALYZER_NUMBER_OBJECT_CONVERSION = YES_AGGRESSIVE;
				CLANG_CXX_LANGUAGE_STANDARD = "gnu++14";
				CLANG_CXX_LIBRARY = "libc++";
				CLANG_ENABLE_MODULES = YES;
				CLANG_ENABLE_OBJC_ARC = YES;
				CLANG_ENABLE_OBJC_WEAK = YES;
				CLANG_WARN_BLOCK_CAPTURE_AUTORELEASING = YES;
				CLANG_WARN_BOOL_CONVERSION = YES;
				CLANG_WARN_COMMA = YES;
				CLANG_WARN_CONSTANT_CONVERSION = YES;
				CLANG_WARN_DEPRECATED_OBJC_IMPLEMENTATIONS = YES;
				CLANG_WARN_DIRECT_OBJC_ISA_USAGE = YES_ERROR;
				CLANG_WARN_DOCUMENTATION_COMMENTS = YES;
				CLANG_WARN_EMPTY_BODY = YES;
				CLANG_WARN_ENUM_CONVERSION = YES;
				CLANG_WARN_INFINITE_RECURSION = YES;
				CLANG_WARN_INT_CONVERSION = YES;
				CLANG_WARN_NON_LITERAL_NULL_CONVERSION = YES;
				CLANG_WARN_OBJC_IMPLICIT_RETAIN_SELF = YES;
				CLANG_WARN_OBJC_LITERAL_CONVERSION = YES;
				CLANG_WARN_OBJC_ROOT_CLASS = YES_ERROR;
				CLANG_WARN_RANGE_LOOP_ANALYSIS = YES;
				CLANG_WARN_STRICT_PROTOTYPES = YES;
				CLANG_WARN_SUSPICIOUS_MOVE = YES;
				CLANG_WARN_UNGUARDED_AVAILABILITY = YES_AGGRESSIVE;
				CLANG_WARN_UNREACHABLE_CODE = YES;
				CLANG_WARN__DUPLICATE_METHOD_MATCH = YES;
				COPY_PHASE_STRIP = NO;
				DEBUG_INFORMATION_FORMAT = dwarf;
				ENABLE_STRICT_OBJC_MSGSEND = YES;
				ENABLE_TESTABILITY = YES;
				GCC_C_LANGUAGE_STANDARD = gnu11;
				GCC_DYNAMIC_NO_PIC = NO;
				GCC_NO_COMMON_BLOCKS = YES;
				GCC_OPTIMIZATION_LEVEL = 0;
				GCC_PREPROCESSOR_DEFINITIONS = (
					"DEBUG=1",
					"$(inherited)",
				);
				GCC_WARN_64_TO_32_BIT_CONVERSION = YES;
				GCC_WARN_ABOUT_RETURN_TYPE = YES_ERROR;
				GCC_WARN_UNDECLARED_SELECTOR = YES;
				GCC_WARN_UNINITIALIZED_AUTOS = YES_AGGRESSIVE;
				GCC_WARN_UNUSED_FUNCTION = YES;
				GCC_WARN_UNUSED_VARIABLE = YES;
				MACOSX_DEPLOYMENT_TARGET = 10.15;
				MTL_ENABLE_DEBUG_INFO = INCLUDE_SOURCE;
				MTL_FAST_MATH = YES;
				ONLY_ACTIVE_ARCH = YES;
				SDKROOT = macosx;
			};
			name = Debug;
		};
		9AAC2B4D245B659100DBFA9C /* Release */ = {
			isa = XCBuildConfiguration;
			buildSettings = {
				ALWAYS_SEARCH_USER_PATHS = NO;
				CLANG_ANALYZER_NONNULL = YES;
				CLANG_ANALYZER_NUMBER_OBJECT_CONVERSION = YES_AGGRESSIVE;
				CLANG_CXX_LANGUAGE_STANDARD = "gnu++14";
				CLANG_CXX_LIBRARY = "libc++";
				CLANG_ENABLE_MODULES = YES;
				CLANG_ENABLE_OBJC_ARC = YES;
				CLANG_ENABLE_OBJC_WEAK = YES;
				CLANG_WARN_BLOCK_CAPTURE_AUTORELEASING = YES;
				CLANG_WARN_BOOL_CONVERSION = YES;
				CLANG_WARN_COMMA = YES;
				CLANG_WARN_CONSTANT_CONVERSION = YES;
				CLANG_WARN_DEPRECATED_OBJC_IMPLEMENTATIONS = YES;
				CLANG_WARN_DIRECT_OBJC_ISA_USAGE = YES_ERROR;
				CLANG_WARN_DOCUMENTATION_COMMENTS = YES;
				CLANG_WARN_EMPTY_BODY = YES;
				CLANG_WARN_ENUM_CONVERSION = YES;
				CLANG_WARN_INFINITE_RECURSION = YES;
				CLANG_WARN_INT_CONVERSION = YES;
				CLANG_WARN_NON_LITERAL_NULL_CONVERSION = YES;
				CLANG_WARN_OBJC_IMPLICIT_RETAIN_SELF = YES;
				CLANG_WARN_OBJC_LITERAL_CONVERSION = YES;
				CLANG_WARN_OBJC_ROOT_CLASS = YES_ERROR;
				CLANG_WARN_RANGE_LOOP_ANALYSIS = YES;
				CLANG_WARN_STRICT_PROTOTYPES = YES;
				CLANG_WARN_SUSPICIOUS_MOVE = YES;
				CLANG_WARN_UNGUARDED_AVAILABILITY = YES_AGGRESSIVE;
				CLANG_WARN_UNREACHABLE_CODE = YES;
				CLANG_WARN__DUPLICATE_METHOD_MATCH = YES;
				COPY_PHASE_STRIP = NO;
				DEBUG_INFORMATION_FORMAT = "dwarf-with-dsym";
				ENABLE_NS_ASSERTIONS = NO;
				ENABLE_STRICT_OBJC_MSGSEND = YES;
				GCC_C_LANGUAGE_STANDARD = gnu11;
				GCC_NO_COMMON_BLOCKS = YES;
				GCC_WARN_64_TO_32_BIT_CONVERSION = YES;
				GCC_WARN_ABOUT_RETURN_TYPE = YES_ERROR;
				GCC_WARN_UNDECLARED_SELECTOR = YES;
				GCC_WARN_UNINITIALIZED_AUTOS = YES_AGGRESSIVE;
				GCC_WARN_UNUSED_FUNCTION = YES;
				GCC_WARN_UNUSED_VARIABLE = YES;
				MACOSX_DEPLOYMENT_TARGET = 10.15;
				MTL_ENABLE_DEBUG_INFO = NO;
				MTL_FAST_MATH = YES;
				SDKROOT = macosx;
			};
			name = Release;
		};
		9AAC2B4F245B659100DBFA9C /* Debug */ = {
			isa = XCBuildConfiguration;
			buildSettings = {
				CODE_SIGN_STYLE = Automatic;
				PRODUCT_NAME = "$(TARGET_NAME)";
			};
			name = Debug;
		};
		9AAC2B50245B659100DBFA9C /* Release */ = {
			isa = XCBuildConfiguration;
			buildSettings = {
				CODE_SIGN_STYLE = Automatic;
				PRODUCT_NAME = "$(TARGET_NAME)";
			};
			name = Release;
		};
/* End XCBuildConfiguration section */

/* Begin XCConfigurationList section */
		9AAC2B42245B659100DBFA9C /* Build configuration list for PBXProject "pa1_xcode" */ = {
			isa = XCConfigurationList;
			buildConfigurations = (
				9AAC2B4C245B659100DBFA9C /* Debug */,
				9AAC2B4D245B659100DBFA9C /* Release */,
			);
			defaultConfigurationIsVisible = 0;
			defaultConfigurationName = Release;
		};
		9AAC2B4E245B659100DBFA9C /* Build configuration list for PBXNativeTarget "pa1_xcode" */ = {
			isa = XCConfigurationList;
			buildConfigurations = (
				9AAC2B4F245B659100DBFA9C /* Debug */,
				9AAC2B50245B659100DBFA9C /* Release */,
			);
			defaultConfigurationIsVisible = 0;
			defaultConfigurationName = Release;
		};
/* End XCConfigurationList section */
	};
	rootObject = 9AAC2B3F245B659100DBFA9C /* Project object */;
}
